lockfileVersion: '9.0'

settings:
  autoInstallPeers: true
  excludeLinksFromLockfile: false

importers:

  .:
    devDependencies:
      '@types/node':
        specifier: ^25.2.3
        version: 25.2.3
      typescript:
        specifier: ^5.5.4
        version: 5.9.3

  packages/contracts:
    dependencies:
      zod:
        specifier: ^3.23.8
        version: 3.25.76
    devDependencies:
      '@types/node':
        specifier: ^25.2.3
        version: 25.2.3
      typescript:
        specifier: ^5.5.4
        version: 5.9.3

  packages/evals:
    devDependencies:
      '@types/node':
        specifier: ^25.2.3
        version: 25.2.3
      typescript:
        specifier: ^5.5.4
        version: 5.9.3

  packages/factory:
    dependencies:
      '@acme/agent-runner':
        specifier: workspace:*
        version: link:../../services/agent-runner

  services/agent-runner:
    dependencies:
      '@acme/agent-runtime':
        specifier: workspace:*
        version: link:../agent-runtime

  services/agent-runtime: {}

  services/agents/context-gather:
    dependencies:
      '@acme/agent-runtime':
        specifier: workspace:*
        version: link:../../agent-runtime
      '@acme/contracts':
        specifier: workspace:*
        version: link:../../../packages/contracts

  services/agents/esm-smoke:
    dependencies:
      '@acme/agent-runtime':
        specifier: workspace:*
        version: link:../../agent-runtime

  services/agents/git-pr:
    dependencies:
      '@acme/agent-runtime':
        specifier: workspace:*
        version: link:../../agent-runtime

  services/agents/l2-config-validate:
    dependencies:
      '@acme/agent-runtime':
        specifier: workspace:*
        version: link:../../agent-runtime
      '@acme/contracts':
        specifier: workspace:*
        version: link:../../../packages/contracts

  services/agents/plan:
    dependencies:
      '@acme/agent-runtime':
        specifier: workspace:*
        version: link:../../agent-runtime
      '@acme/contracts':
        specifier: workspace:*
        version: link:../../../packages/contracts

  services/agents/repo-patch:
    dependencies:
      '@acme/agent-runner':
        specifier: workspace:*
        version: link:../../agent-runner
      '@acme/agent-runtime':
        specifier: workspace:*
        version: link:../../agent-runtime
      '@acme/contracts':
        specifier: workspace:*
        version: link:../../../packages/contracts

  services/agents/repo-read:
    dependencies:
      '@acme/agent-runtime':
        specifier: workspace:*
        version: link:../../agent-runtime

  services/agents/retrieval-smoke:
    dependencies:
      '@acme/agent-runtime':
        specifier: workspace:*
        version: link:../../agent-runtime

  services/agents/validate:
    dependencies:
      '@acme/agent-runtime':
        specifier: workspace:*
        version: link:../../agent-runtime

packages:

  '@types/node@25.2.3':
    resolution: {integrity: sha512-m0jEgYlYz+mDJZ2+F4v8D1AyQb+QzsNqRuI7xg1VQX/KlKS0qT9r1Mo16yo5F/MtifXFgaofIFsdFMox2SxIbQ==}

  typescript@5.9.3:
    resolution: {integrity: sha512-jl1vZzPDinLr9eUt3J/t7V6FgNEw9QjvBPdysz9KfQDD41fQrC2Y4vKQdiaUpFT4bXlb1RHhLpp8wtm6M5TgSw==}
    engines: {node: '>=14.17'}
    hasBin: true

  undici-types@7.16.0:
    resolution: {integrity: sha512-Zz+aZWSj8LE6zoxD+xrjh4VfkIG8Ya6LvYkZqtUQGJPZjYl53ypCaUwWqo7eI0x66KBGeRo+mlBEkMSeSZ38Nw==}

  zod@3.25.76:
    resolution: {integrity: sha512-gzUt/qt81nXsFGKIFcC3YnfEAx5NkunCfnDlvuBSSFS02bcXu4Lmea0AFIUwbLWxWPx3d9p8S5QoaujKcNQxcQ==}

snapshots:

  '@types/node@25.2.3':
    dependencies:
      undici-types: 7.16.0

  typescript@5.9.3: {}

  undici-types@7.16.0: {}

  zod@3.25.76: {}
